
Microsoft Visual Studio Solution File, Format Version 12.00
# Visual Studio Version 16
VisualStudioVersion = 16.0.30114.105
MinimumVisualStudioVersion = 10.0.40219.1
Project("{FAE04EC0-301F-11D3-BF4B-00C04F79EFBC}") = "day1", "day1\day1.csproj", "{EDBF78B9-AEC0-4217-823A-CF46906A3161}"
EndProject
Project("{FAE04EC0-301F-11D3-BF4B-00C04F79EFBC}") = "day2", "day2\day2.csproj", "{1B57768B-6F52-4376-B7F3-34E50B35D921}"
EndProject
Global
	GlobalSection(SolutionConfigurationPlatforms) = preSolution
		Debug|Any CPU = Debug|Any CPU
		Release|Any CPU = Release|Any CPU
	EndGlobalSection
	GlobalSection(SolutionProperties) = preSolution
		HideSolutionNode = FALSE
	EndGlobalSection
	GlobalSection(ProjectConfigurationPlatforms) = postSolution
		{EDBF78B9-AEC0-4217-823A-CF46906A3161}.Debug|Any CPU.ActiveCfg = Debug|Any CPU
		{EDBF78B9-AEC0-4217-823A-CF46906A3161}.Debug|Any CPU.Build.0 = Debug|Any CPU
		{EDBF78B9-AEC0-4217-823A-CF46906A3161}.Release|Any CPU.ActiveCfg = Release|Any CPU
		{EDBF78B9-AEC0-4217-823A-CF46906A3161}.Release|Any CPU.Build.0 = Release|Any CPU
		{1B57768B-6F52-4376-B7F3-34E50B35D921}.Debug|Any CPU.ActiveCfg = Debug|Any CPU
		{1B57768B-6F52-4376-B7F3-34E50B35D921}.Debug|Any CPU.Build.0 = Debug|Any CPU
		{1B57768B-6F52-4376-B7F3-34E50B35D921}.Release|Any CPU.ActiveCfg = Release|Any CPU
		{1B57768B-6F52-4376-B7F3-34E50B35D921}.Release|Any CPU.Build.0 = Release|Any CPU
	EndGlobalSection
EndGlobal
